// !$*UTF8*$!
{
	archiveVersion = 1;
	classes = {
	};
	objectVersion = 60;
	objects = {

/* Begin PBXBuildFile section */
		740F2BE52EDD9C0E00376232 /* CoinModel.swift in Sources */ = {isa = PBXBuildFile; fileRef = 740F2BBE2EDD9C0E00376232 /* CoinModel.swift */; };
		740F2BE62EDD9C0E00376232 /* TransactionModel.swift in Sources */ = {isa = PBXBuildFile; fileRef = 740F2BBF2EDD9C0E00376232 /* TransactionModel.swift */; };
		740F2BE72EDD9C0E00376232 /* CoreDataManager.swift in Sources */ = {isa = PBXBuildFile; fileRef = 740F2BC12EDD9C0E00376232 /* CoreDataManager.swift */; };
		740F2BE82EDD9C0E00376232 /* Calculator.swift in Sources */ = {isa = PBXBuildFile; fileRef = 740F2BC32EDD9C0E00376232 /* Calculator.swift */; };
		740F2BE92EDD9C0E00376232 /* PortfolioViewModel.swift in Sources */ = {isa = PBXBuildFile; fileRef = 740F2BC52EDD9C0E00376232 /* PortfolioViewModel.swift */; };
		740F2BEA2EDD9C0E00376232 /* DesignSystem.swift in Sources */ = {isa = PBXBuildFile; fileRef = 740F2BC72EDD9C0E00376232 /* DesignSystem.swift */; };
		740F2BEB2EDD9C0E00376232 /* CheckLink.swift in Sources */ = {isa = PBXBuildFile; fileRef = 740F2BC92EDD9C0E00376232 /* CheckLink.swift */; };
		740F2BEC2EDD9C0E00376232 /* InternetViewController.swift in Sources */ = {isa = PBXBuildFile; fileRef = 740F2BCA2EDD9C0E00376232 /* InternetViewController.swift */; };
		740F2BED2EDD9C0E00376232 /* LoaderViewController.swift in Sources */ = {isa = PBXBuildFile; fileRef = 740F2BCB2EDD9C0E00376232 /* LoaderViewController.swift */; };
		740F2BEE2EDD9C0E00376232 /* AddCoinView.swift in Sources */ = {isa = PBXBuildFile; fileRef = 740F2BCD2EDD9C0E00376232 /* AddCoinView.swift */; };
		740F2BEF2EDD9C0E00376232 /* AnalyticsView.swift in Sources */ = {isa = PBXBuildFile; fileRef = 740F2BCE2EDD9C0E00376232 /* AnalyticsView.swift */; };
		740F2BF02EDD9C0E00376232 /* CurrencyConverterView.swift in Sources */ = {isa = PBXBuildFile; fileRef = 740F2BCF2EDD9C0E00376232 /* CurrencyConverterView.swift */; };
		740F2BF12EDD9C0E00376232 /* DCACalculatorView.swift in Sources */ = {isa = PBXBuildFile; fileRef = 740F2BD02EDD9C0E00376232 /* DCACalculatorView.swift */; };
		740F2BF22EDD9C0E00376232 /* MainTabView.swift in Sources */ = {isa = PBXBuildFile; fileRef = 740F2BD12EDD9C0E00376232 /* MainTabView.swift */; };
		740F2BF32EDD9C0E00376232 /* OnboardingView.swift in Sources */ = {isa = PBXBuildFile; fileRef = 740F2BD22EDD9C0E00376232 /* OnboardingView.swift */; };
		740F2BF42EDD9C0E00376232 /* PortfolioView.swift in Sources */ = {isa = PBXBuildFile; fileRef = 740F2BD32EDD9C0E00376232 /* PortfolioView.swift */; };
		740F2BF52EDD9C0E00376232 /* ProfitCalculatorView.swift in Sources */ = {isa = PBXBuildFile; fileRef = 740F2BD42EDD9C0E00376232 /* ProfitCalculatorView.swift */; };
		740F2BF62EDD9C0E00376232 /* SettingsView.swift in Sources */ = {isa = PBXBuildFile; fileRef = 740F2BD52EDD9C0E00376232 /* SettingsView.swift */; };
		740F2BF72EDD9C0E00376232 /* TransactionsView.swift in Sources */ = {isa = PBXBuildFile; fileRef = 740F2BD62EDD9C0E00376232 /* TransactionsView.swift */; };
		740F2BF82EDD9C0E00376232 /* AppDelegate.swift in Sources */ = {isa = PBXBuildFile; fileRef = 740F2BD82EDD9C0E00376232 /* AppDelegate.swift */; };
		740F2BF92EDD9C0E00376232 /* ContentView.swift in Sources */ = {isa = PBXBuildFile; fileRef = 740F2BDA2EDD9C0E00376232 /* ContentView.swift */; };
		740F2BFA2EDD9C0E00376232 /* SceneDelegate.swift in Sources */ = {isa = PBXBuildFile; fileRef = 740F2BE02EDD9C0E00376232 /* SceneDelegate.swift */; };
		740F2BFB2EDD9C0E00376232 /* VaultCoin.xcdatamodeld in Sources */ = {isa = PBXBuildFile; fileRef = 740F2BE12EDD9C0E00376232 /* VaultCoin.xcdatamodeld */; };
		740F2BFC2EDD9C0E00376232 /* ViewController.swift in Sources */ = {isa = PBXBuildFile; fileRef = 740F2BE22EDD9C0E00376232 /* ViewController.swift */; };
		740F2BFD2EDD9C0E00376232 /* Assets.xcassets in Resources */ = {isa = PBXBuildFile; fileRef = 740F2BD92EDD9C0E00376232 /* Assets.xcassets */; };
		740F2BFF2EDD9C0E00376232 /* LaunchScreen.storyboard in Resources */ = {isa = PBXBuildFile; fileRef = 740F2BDD2EDD9C0E00376232 /* LaunchScreen.storyboard */; };
		740F2C002EDD9C0E00376232 /* Main.storyboard in Resources */ = {isa = PBXBuildFile; fileRef = 740F2BDF2EDD9C0E00376232 /* Main.storyboard */; };
/* End PBXBuildFile section */

/* Begin PBXFileReference section */
		09ADEDA62D4832FB4017ACA6 /* Pods-16VaultCoin.release.xcconfig */ = {isa = PBXFileReference; includeInIndex = 1; lastKnownFileType = text.xcconfig; name = "Pods-16VaultCoin.release.xcconfig"; path = "Target Support Files/Pods-16VaultCoin/Pods-16VaultCoin.release.xcconfig"; sourceTree = "<group>"; };
		2555885B099AA62590E873A3 /* Pods-16VaultCoin.debug.xcconfig */ = {isa = PBXFileReference; includeInIndex = 1; lastKnownFileType = text.xcconfig; name = "Pods-16VaultCoin.debug.xcconfig"; path = "Target Support Files/Pods-16VaultCoin/Pods-16VaultCoin.debug.xcconfig"; sourceTree = "<group>"; };
		6F5F6CC17ADC93AE3609DF1B /* Pods_16VaultCoin.framework */ = {isa = PBXFileReference; explicitFileType = wrapper.framework; includeInIndex = 0; path = Pods_16VaultCoin.framework; sourceTree = BUILT_PRODUCTS_DIR; };
		740F2BBE2EDD9C0E00376232 /* CoinModel.swift */ = {isa = PBXFileReference; lastKnownFileType = sourcecode.swift; path = CoinModel.swift; sourceTree = "<group>"; };
		740F2BBF2EDD9C0E00376232 /* TransactionModel.swift */ = {isa = PBXFileReference; lastKnownFileType = sourcecode.swift; path = TransactionModel.swift; sourceTree = "<group>"; };
		740F2BC12EDD9C0E00376232 /* CoreDataManager.swift */ = {isa = PBXFileReference; lastKnownFileType = sourcecode.swift; path = CoreDataManager.swift; sourceTree = "<group>"; };
		740F2BC32EDD9C0E00376232 /* Calculator.swift */ = {isa = PBXFileReference; lastKnownFileType = sourcecode.swift; path = Calculator.swift; sourceTree = "<group>"; };
		740F2BC52EDD9C0E00376232 /* PortfolioViewModel.swift */ = {isa = PBXFileReference; lastKnownFileType = sourcecode.swift; path = PortfolioViewModel.swift; sourceTree = "<group>"; };
		740F2BC72EDD9C0E00376232 /* DesignSystem.swift */ = {isa = PBXFileReference; lastKnownFileType = sourcecode.swift; path = DesignSystem.swift; sourceTree = "<group>"; };
		740F2BC92EDD9C0E00376232 /* CheckLink.swift */ = {isa = PBXFileReference; lastKnownFileType = sourcecode.swift; path = CheckLink.swift; sourceTree = "<group>"; };
		740F2BCA2EDD9C0E00376232 /* InternetViewController.swift */ = {isa = PBXFileReference; lastKnownFileType = sourcecode.swift; path = InternetViewController.swift; sourceTree = "<group>"; };
		740F2BCB2EDD9C0E00376232 /* LoaderViewController.swift */ = {isa = PBXFileReference; lastKnownFileType = sourcecode.swift; path = LoaderViewController.swift; sourceTree = "<group>"; };
		740F2BCD2EDD9C0E00376232 /* AddCoinView.swift */ = {isa = PBXFileReference; lastKnownFileType = sourcecode.swift; path = AddCoinView.swift; sourceTree = "<group>"; };
		740F2BCE2EDD9C0E00376232 /* AnalyticsView.swift */ = {isa = PBXFileReference; lastKnownFileType = sourcecode.swift; path = AnalyticsView.swift; sourceTree = "<group>"; };
		740F2BCF2EDD9C0E00376232 /* CurrencyConverterView.swift */ = {isa = PBXFileReference; lastKnownFileType = sourcecode.swift; path = CurrencyConverterView.swift; sourceTree = "<group>"; };
		740F2BD02EDD9C0E00376232 /* DCACalculatorView.swift */ = {isa = PBXFileReference; lastKnownFileType = sourcecode.swift; path = DCACalculatorView.swift; sourceTree = "<group>"; };
		740F2BD12EDD9C0E00376232 /* MainTabView.swift */ = {isa = PBXFileReference; lastKnownFileType = sourcecode.swift; path = MainTabView.swift; sourceTree = "<group>"; };
		740F2BD22EDD9C0E00376232 /* OnboardingView.swift */ = {isa = PBXFileReference; lastKnownFileType = sourcecode.swift; path = OnboardingView.swift; sourceTree = "<group>"; };
		740F2BD32EDD9C0E00376232 /* PortfolioView.swift */ = {isa = PBXFileReference; lastKnownFileType = sourcecode.swift; path = PortfolioView.swift; sourceTree = "<group>"; };
		740F2BD42EDD9C0E00376232 /* ProfitCalculatorView.swift */ = {isa = PBXFileReference; lastKnownFileType = sourcecode.swift; path = ProfitCalculatorView.swift; sourceTree = "<group>"; };
		740F2BD52EDD9C0E00376232 /* SettingsView.swift */ = {isa = PBXFileReference; lastKnownFileType = sourcecode.swift; path = SettingsView.swift; sourceTree = "<group>"; };
		740F2BD62EDD9C0E00376232 /* TransactionsView.swift */ = {isa = PBXFileReference; lastKnownFileType = sourcecode.swift; path = TransactionsView.swift; sourceTree = "<group>"; };
		740F2BD82EDD9C0E00376232 /* AppDelegate.swift */ = {isa = PBXFileReference; lastKnownFileType = sourcecode.swift; path = AppDelegate.swift; sourceTree = "<group>"; };
		740F2BD92EDD9C0E00376232 /* Assets.xcassets */ = {isa = PBXFileReference; lastKnownFileType = folder.assetcatalog; path = Assets.xcassets; sourceTree = "<group>"; };
		740F2BDA2EDD9C0E00376232 /* ContentView.swift */ = {isa = PBXFileReference; lastKnownFileType = sourcecode.swift; path = ContentView.swift; sourceTree = "<group>"; };
		740F2BDB2EDD9C0E00376232 /* Info.plist */ = {isa = PBXFileReference; lastKnownFileType = text.plist.xml; path = Info.plist; sourceTree = "<group>"; };
		740F2BDC2EDD9C0E00376232 /* Base */ = {isa = PBXFileReference; lastKnownFileType = file.storyboard; name = Base; path = Base.lproj/LaunchScreen.storyboard; sourceTree = "<group>"; };
		740F2BDE2EDD9C0E00376232 /* Base */ = {isa = PBXFileReference; lastKnownFileType = file.storyboard; name = Base; path = Base.lproj/Main.storyboard; sourceTree = "<group>"; };
		740F2BE02EDD9C0E00376232 /* SceneDelegate.swift */ = {isa = PBXFileReference; lastKnownFileType = sourcecode.swift; path = SceneDelegate.swift; sourceTree = "<group>"; };
		740F2BE22EDD9C0E00376232 /* ViewController.swift */ = {isa = PBXFileReference; lastKnownFileType = sourcecode.swift; path = ViewController.swift; sourceTree = "<group>"; };
		740F2BE42EDD9C0E00376232 /* VaultCoin.xcdatamodel */ = {isa = PBXFileReference; lastKnownFileType = wrapper.xcdatamodel; path = VaultCoin.xcdatamodel; sourceTree = "<group>"; };
		7483B5352ED9A8AC0041193D /* 16VaultCoin.app */ = {isa = PBXFileReference; explicitFileType = wrapper.application; includeInIndex = 0; path = 16VaultCoin.app; sourceTree = BUILT_PRODUCTS_DIR; };
/* End PBXFileReference section */

/* Begin PBXFrameworksBuildPhase section */
		7483B5322ED9A8AC0041193D /* Frameworks */ = {
			isa = PBXFrameworksBuildPhase;
			buildActionMask = 2147483647;
			files = (
			);
			runOnlyForDeploymentPostprocessing = 0;
		};
/* End PBXFrameworksBuildPhase section */

/* Begin PBXGroup section */
		2CA79ABFD11A498FC03B0FDB /* Pods */ = {
			isa = PBXGroup;
			children = (
				2555885B099AA62590E873A3 /* Pods-16VaultCoin.debug.xcconfig */,
				09ADEDA62D4832FB4017ACA6 /* Pods-16VaultCoin.release.xcconfig */,
			);
			path = Pods;
			sourceTree = "<group>";
		};
		6908900AF2A58B88754DA13E /* Frameworks */ = {
			isa = PBXGroup;
			children = (
				6F5F6CC17ADC93AE3609DF1B /* Pods_16VaultCoin.framework */,
			);
			name = Frameworks;
			sourceTree = "<group>";
		};
		740F2BC02EDD9C0E00376232 /* Models */ = {
			isa = PBXGroup;
			children = (
				740F2BBE2EDD9C0E00376232 /* CoinModel.swift */,
				740F2BBF2EDD9C0E00376232 /* TransactionModel.swift */,
			);
			path = Models;
			sourceTree = "<group>";
		};
		740F2BC22EDD9C0E00376232 /* Storage */ = {
			isa = PBXGroup;
			children = (
				740F2BC12EDD9C0E00376232 /* CoreDataManager.swift */,
			);
			path = Storage;
			sourceTree = "<group>";
		};
		740F2BC42EDD9C0E00376232 /* Utilities */ = {
			isa = PBXGroup;
			children = (
				740F2BC32EDD9C0E00376232 /* Calculator.swift */,
			);
			path = Utilities;
			sourceTree = "<group>";
		};
		740F2BC62EDD9C0E00376232 /* ViewModels */ = {
			isa = PBXGroup;
			children = (
				740F2BC52EDD9C0E00376232 /* PortfolioViewModel.swift */,
			);
			path = ViewModels;
			sourceTree = "<group>";
		};
		740F2BC82EDD9C0E00376232 /* Components */ = {
			isa = PBXGroup;
			children = (
				740F2BC72EDD9C0E00376232 /* DesignSystem.swift */,
			);
			path = Components;
			sourceTree = "<group>";
		};
		740F2BCC2EDD9C0E00376232 /* LoadingView */ = {
			isa = PBXGroup;
			children = (
				740F2BC92EDD9C0E00376232 /* CheckLink.swift */,
				740F2BCA2EDD9C0E00376232 /* InternetViewController.swift */,
				740F2BCB2EDD9C0E00376232 /* LoaderViewController.swift */,
			);
			path = LoadingView;
			sourceTree = "<group>";
		};
		740F2BD72EDD9C0E00376232 /* Views */ = {
			isa = PBXGroup;
			children = (
				740F2BC82EDD9C0E00376232 /* Components */,
				740F2BCC2EDD9C0E00376232 /* LoadingView */,
				740F2BCD2EDD9C0E00376232 /* AddCoinView.swift */,
				740F2BCE2EDD9C0E00376232 /* AnalyticsView.swift */,
				740F2BCF2EDD9C0E00376232 /* CurrencyConverterView.swift */,
				740F2BD02EDD9C0E00376232 /* DCACalculatorView.swift */,
				740F2BD12EDD9C0E00376232 /* MainTabView.swift */,
				740F2BD22EDD9C0E00376232 /* OnboardingView.swift */,
				740F2BD32EDD9C0E00376232 /* PortfolioView.swift */,
				740F2BD42EDD9C0E00376232 /* ProfitCalculatorView.swift */,
				740F2BD52EDD9C0E00376232 /* SettingsView.swift */,
				740F2BD62EDD9C0E00376232 /* TransactionsView.swift */,
			);
			path = Views;
			sourceTree = "<group>";
		};
		740F2BE32EDD9C0E00376232 /* 16VaultCoin */ = {
			isa = PBXGroup;
			children = (
				740F2BC02EDD9C0E00376232 /* Models */,
				740F2BC22EDD9C0E00376232 /* Storage */,
				740F2BC42EDD9C0E00376232 /* Utilities */,
				740F2BC62EDD9C0E00376232 /* ViewModels */,
				740F2BD72EDD9C0E00376232 /* Views */,
				740F2BD82EDD9C0E00376232 /* AppDelegate.swift */,
				740F2BD92EDD9C0E00376232 /* Assets.xcassets */,
				740F2BDA2EDD9C0E00376232 /* ContentView.swift */,
				740F2BDB2EDD9C0E00376232 /* Info.plist */,
				740F2BDD2EDD9C0E00376232 /* LaunchScreen.storyboard */,
				740F2BDF2EDD9C0E00376232 /* Main.storyboard */,
				740F2BE02EDD9C0E00376232 /* SceneDelegate.swift */,
				740F2BE12EDD9C0E00376232 /* VaultCoin.xcdatamodeld */,
				740F2BE22EDD9C0E00376232 /* ViewController.swift */,
			);
			path = 16VaultCoin;
			sourceTree = "<group>";
		};
		7483B52C2ED9A8AC0041193D = {
			isa = PBXGroup;
			children = (
				740F2BE32EDD9C0E00376232 /* 16VaultCoin */,
				7483B5362ED9A8AC0041193D /* Products */,
				2CA79ABFD11A498FC03B0FDB /* Pods */,
				6908900AF2A58B88754DA13E /* Frameworks */,
			);
			sourceTree = "<group>";
		};
		7483B5362ED9A8AC0041193D /* Products */ = {
			isa = PBXGroup;
			children = (
				7483B5352ED9A8AC0041193D /* 16VaultCoin.app */,
			);
			name = Products;
			sourceTree = "<group>";
		};
/* End PBXGroup section */

/* Begin PBXNativeTarget section */
		7483B5342ED9A8AC0041193D /* 16VaultCoin */ = {
			isa = PBXNativeTarget;
			buildConfigurationList = 7483B5482ED9A8AD0041193D /* Build configuration list for PBXNativeTarget "16VaultCoin" */;
			buildPhases = (
				EED69F8A8879D4C0BDDC62F8 /* [CP] Check Pods Manifest.lock */,
				7483B5312ED9A8AC0041193D /* Sources */,
				7483B5322ED9A8AC0041193D /* Frameworks */,
				7483B5332ED9A8AC0041193D /* Resources */,
			);
			buildRules = (
			);
			dependencies = (
			);
			name = 16VaultCoin;
			productName = 16VaultCoin;
			productReference = 7483B5352ED9A8AC0041193D /* 16VaultCoin.app */;
			productType = "com.apple.product-type.application";
		};
/* End PBXNativeTarget section */

/* Begin PBXProject section */
		7483B52D2ED9A8AC0041193D /* Project object */ = {
			isa = PBXProject;
			attributes = {
				BuildIndependentTargetsInParallel = 1;
				LastSwiftUpdateCheck = 2600;
				LastUpgradeCheck = 2600;
				TargetAttributes = {
					7483B5342ED9A8AC0041193D = {
						CreatedOnToolsVersion = 26.0;
					};
				};
			};
			buildConfigurationList = 7483B5302ED9A8AC0041193D /* Build configuration list for PBXProject "16VaultCoin" */;
			compatibilityVersion = "Xcode 15.0";
			developmentRegion = en;
			hasScannedForEncodings = 0;
			knownRegions = (
				en,
				Base,
			);
			mainGroup = 7483B52C2ED9A8AC0041193D;
			productRefGroup = 7483B5362ED9A8AC0041193D /* Products */;
			projectDirPath = "";
			projectRoot = "";
			targets = (
				7483B5342ED9A8AC0041193D /* 16VaultCoin */,
			);
		};
/* End PBXProject section */

/* Begin PBXResourcesBuildPhase section */
		7483B5332ED9A8AC0041193D /* Resources */ = {
			isa = PBXResourcesBuildPhase;
			buildActionMask = 2147483647;
			files = (
				740F2BFD2EDD9C0E00376232 /* Assets.xcassets in Resources */,
				740F2BFF2EDD9C0E00376232 /* LaunchScreen.storyboard in Resources */,
				740F2C002EDD9C0E00376232 /* Main.storyboard in Resources */,
			);
			runOnlyForDeploymentPostprocessing = 0;
		};
/* End PBXResourcesBuildPhase section */

/* Begin PBXShellScriptBuildPhase section */
		EED69F8A8879D4C0BDDC62F8 /* [CP] Check Pods Manifest.lock */ = {
			isa = PBXShellScriptBuildPhase;
			buildActionMask = 2147483647;
			files = (
			);
			inputFileListPaths = (
			);
			inputPaths = (
				"${PODS_PODFILE_DIR_PATH}/Podfile.lock",
				"${PODS_ROOT}/Manifest.lock",
			);
			name = "[CP] Check Pods Manifest.lock";
			outputFileListPaths = (
			);
			outputPaths = (
				"$(DERIVED_FILE_DIR)/Pods-16VaultCoin-checkManifestLockResult.txt",
			);
			runOnlyForDeploymentPostprocessing = 0;
			shellPath = /bin/sh;
			shellScript = "diff \"${PODS_PODFILE_DIR_PATH}/Podfile.lock\" \"${PODS_ROOT}/Manifest.lock\" > /dev/null\nif [ $? != 0 ] ; then\n    # print error to STDERR\n    echo \"error: The sandbox is not in sync with the Podfile.lock. Run 'pod install' or update your CocoaPods installation.\" >&2\n    exit 1\nfi\n# This output is used by Xcode 'outputs' to avoid re-running this script phase.\necho \"SUCCESS\" > \"${SCRIPT_OUTPUT_FILE_0}\"\n";
			showEnvVarsInLog = 0;
		};
/* End PBXShellScriptBuildPhase section */

/* Begin PBXSourcesBuildPhase section */
		7483B5312ED9A8AC0041193D /* Sources */ = {
			isa = PBXSourcesBuildPhase;
			buildActionMask = 2147483647;
			files = (
				740F2BE52EDD9C0E00376232 /* CoinModel.swift in Sources */,
				740F2BE62EDD9C0E00376232 /* TransactionModel.swift in Sources */,
				740F2BE72EDD9C0E00376232 /* CoreDataManager.swift in Sources */,
				740F2BE82EDD9C0E00376232 /* Calculator.swift in Sources */,
				740F2BE92EDD9C0E00376232 /* PortfolioViewModel.swift in Sources */,
				740F2BEA2EDD9C0E00376232 /* DesignSystem.swift in Sources */,
				740F2BEB2EDD9C0E00376232 /* CheckLink.swift in Sources */,
				740F2BEC2EDD9C0E00376232 /* InternetViewController.swift in Sources */,
				740F2BED2EDD9C0E00376232 /* LoaderViewController.swift in Sources */,
				740F2BEE2EDD9C0E00376232 /* AddCoinView.swift in Sources */,
				740F2BEF2EDD9C0E00376232 /* AnalyticsView.swift in Sources */,
				740F2BF02EDD9C0E00376232 /* CurrencyConverterView.swift in Sources */,
				740F2BF12EDD9C0E00376232 /* DCACalculatorView.swift in Sources */,
				740F2BF22EDD9C0E00376232 /* MainTabView.swift in Sources */,
				740F2BF32EDD9C0E00376232 /* OnboardingView.swift in Sources */,
				740F2BF42EDD9C0E00376232 /* PortfolioView.swift in Sources */,
				740F2BF52EDD9C0E00376232 /* ProfitCalculatorView.swift in Sources */,
				740F2BF62EDD9C0E00376232 /* SettingsView.swift in Sources */,
				740F2BF72EDD9C0E00376232 /* TransactionsView.swift in Sources */,
				740F2BF82EDD9C0E00376232 /* AppDelegate.swift in Sources */,
				740F2BF92EDD9C0E00376232 /* ContentView.swift in Sources */,
				740F2BFA2EDD9C0E00376232 /* SceneDelegate.swift in Sources */,
				740F2BFB2EDD9C0E00376232 /* VaultCoin.xcdatamodeld in Sources */,
				740F2BFC2EDD9C0E00376232 /* ViewController.swift in Sources */,
			);
			runOnlyForDeploymentPostprocessing = 0;
		};
/* End PBXSourcesBuildPhase section */

/* Begin PBXVariantGroup section */
		740F2BDD2EDD9C0E00376232 /* LaunchScreen.storyboard */ = {
			isa = PBXVariantGroup;
			children = (
				740F2BDC2EDD9C0E00376232 /* Base */,
			);
			name = LaunchScreen.storyboard;
			sourceTree = "<group>";
		};
		740F2BDF2EDD9C0E00376232 /* Main.storyboard */ = {
			isa = PBXVariantGroup;
			children = (
				740F2BDE2EDD9C0E00376232 /* Base */,
			);
			name = Main.storyboard;
			sourceTree = "<group>";
		};
/* End PBXVariantGroup section */

/* Begin XCBuildConfiguration section */
		7483B5492ED9A8AD0041193D /* Debug */ = {
			isa = XCBuildConfiguration;
			baseConfigurationReference = 2555885B099AA62590E873A3 /* Pods-16VaultCoin.debug.xcconfig */;
			buildSettings = {
				ASSETCATALOG_COMPILER_APPICON_NAME = AppIcon;
				ASSETCATALOG_COMPILER_GLOBAL_ACCENT_COLOR_NAME = AccentColor;
				CODE_SIGN_STYLE = Automatic;
				CURRENT_PROJECT_VERSION = 1;
				GENERATE_INFOPLIST_FILE = YES;
				INFOPLIST_FILE = 16VaultCoin/Info.plist;
				INFOPLIST_KEY_CFBundleDisplayName = "Rocket Optain Vault";
				INFOPLIST_KEY_UIApplicationSupportsIndirectInputEvents = YES;
				INFOPLIST_KEY_UILaunchStoryboardName = LaunchScreen;
				INFOPLIST_KEY_UIMainStoryboardFile = Main;
				INFOPLIST_KEY_UISupportedInterfaceOrientations = UIInterfaceOrientationPortrait;
				INFOPLIST_KEY_UISupportedInterfaceOrientations_iPad = "UIInterfaceOrientationLandscapeLeft UIInterfaceOrientationLandscapeRight UIInterfaceOrientationPortrait UIInterfaceOrientationPortraitUpsideDown";
				IPHONEOS_DEPLOYMENT_TARGET = 16.6;
				LD_RUNPATH_SEARCH_PATHS = (
					"$(inherited)",
					"@executable_path/Frameworks",
				);
				MARKETING_VERSION = 1.0;
				PRODUCT_BUNDLE_IDENTIFIER = com.tru.r0ck9tnv;
				PRODUCT_NAME = "$(TARGET_NAME)";
				STRING_CATALOG_GENERATE_SYMBOLS = YES;
				SUPPORTED_PLATFORMS = "iphoneos iphonesimulator";
				SUPPORTS_MACCATALYST = NO;
				SUPPORTS_MAC_DESIGNED_FOR_IPHONE_IPAD = NO;
				SUPPORTS_XR_DESIGNED_FOR_IPHONE_IPAD = NO;
				SWIFT_APPROACHABLE_CONCURRENCY = YES;
				SWIFT_DEFAULT_ACTOR_ISOLATION = MainActor;
				SWIFT_EMIT_LOC_STRINGS = YES;
				SWIFT_UPCOMING_FEATURE_MEMBER_IMPORT_VISIBILITY = YES;
				SWIFT_VERSION = 5.0;
				TARGETED_DEVICE_FAMILY = 1;
			};
			name = Debug;
		};
		7483B54A2ED9A8AD0041193D /* Release */ = {
			isa = XCBuildConfiguration;
			baseConfigurationReference = 09ADEDA62D4832FB4017ACA6 /* Pods-16VaultCoin.release.xcconfig */;
			buildSettings = {
				ASSETCATALOG_COMPILER_APPICON_NAME = AppIcon;
				ASSETCATALOG_COMPILER_GLOBAL_ACCENT_COLOR_NAME = AccentColor;
				CODE_SIGN_STYLE = Automatic;
				CURRENT_PROJECT_VERSION = 1;
				GENERATE_INFOPLIST_FILE = YES;
				INFOPLIST_FILE = 16VaultCoin/Info.plist;
				INFOPLIST_KEY_CFBundleDisplayName = "Rocket Optain Vault";
				INFOPLIST_KEY_UIApplicationSupportsIndirectInputEvents = YES;
				INFOPLIST_KEY_UILaunchStoryboardName = LaunchScreen;
				INFOPLIST_KEY_UIMainStoryboardFile = Main;
				INFOPLIST_KEY_UISupportedInterfaceOrientations = UIInterfaceOrientationPortrait;
				INFOPLIST_KEY_UISupportedInterfaceOrientations_iPad = "UIInterfaceOrientationLandscapeLeft UIInterfaceOrientationLandscapeRight UIInterfaceOrientationPortrait UIInterfaceOrientationPortraitUpsideDown";
				IPHONEOS_DEPLOYMENT_TARGET = 16.6;
				LD_RUNPATH_SEARCH_PATHS = (
					"$(inherited)",
					"@executable_path/Frameworks",
				);
				MARKETING_VERSION = 1.0;
				PRODUCT_BUNDLE_IDENTIFIER = com.tru.r0ck9tnv;
				PRODUCT_NAME = "$(TARGET_NAME)";
				STRING_CATALOG_GENERATE_SYMBOLS = YES;
				SUPPORTED_PLATFORMS = "iphoneos iphonesimulator";
				SUPPORTS_MACCATALYST = NO;
				SUPPORTS_MAC_DESIGNED_FOR_IPHONE_IPAD = NO;
				SUPPORTS_XR_DESIGNED_FOR_IPHONE_IPAD = NO;
				SWIFT_APPROACHABLE_CONCURRENCY = YES;
				SWIFT_DEFAULT_ACTOR_ISOLATION = MainActor;
				SWIFT_EMIT_LOC_STRINGS = YES;
				SWIFT_UPCOMING_FEATURE_MEMBER_IMPORT_VISIBILITY = YES;
				SWIFT_VERSION = 5.0;
				TARGETED_DEVICE_FAMILY = 1;
			};
			name = Release;
		};
		7483B54B2ED9A8AD0041193D /* Debug */ = {
			isa = XCBuildConfiguration;
			buildSettings = {
				ALWAYS_SEARCH_USER_PATHS = NO;
				ASSETCATALOG_COMPILER_GENERATE_SWIFT_ASSET_SYMBOL_EXTENSIONS = YES;
				CLANG_ANALYZER_NONNULL = YES;
				CLANG_ANALYZER_NUMBER_OBJECT_CONVERSION = YES_AGGRESSIVE;
				CLANG_CXX_LANGUAGE_STANDARD = "gnu++20";
				CLANG_ENABLE_MODULES = YES;
				CLANG_ENABLE_OBJC_ARC = YES;
				CLANG_ENABLE_OBJC_WEAK = YES;
				CLANG_WARN_BLOCK_CAPTURE_AUTORELEASING = YES;
				CLANG_WARN_BOOL_CONVERSION = YES;
				CLANG_WARN_COMMA = YES;
				CLANG_WARN_CONSTANT_CONVERSION = YES;
				CLANG_WARN_DEPRECATED_OBJC_IMPLEMENTATIONS = YES;
				CLANG_WARN_DIRECT_OBJC_ISA_USAGE = YES_ERROR;
				CLANG_WARN_DOCUMENTATION_COMMENTS = YES;
				CLANG_WARN_EMPTY_BODY = YES;
				CLANG_WARN_ENUM_CONVERSION = YES;
				CLANG_WARN_INFINITE_RECURSION = YES;
				CLANG_WARN_INT_CONVERSION = YES;
				CLANG_WARN_NON_LITERAL_NULL_CONVERSION = YES;
				CLANG_WARN_OBJC_IMPLICIT_RETAIN_SELF = YES;
				CLANG_WARN_OBJC_LITERAL_CONVERSION = YES;
				CLANG_WARN_OBJC_ROOT_CLASS = YES_ERROR;
				CLANG_WARN_QUOTED_INCLUDE_IN_FRAMEWORK_HEADER = YES;
				CLANG_WARN_RANGE_LOOP_ANALYSIS = YES;
				CLANG_WARN_STRICT_PROTOTYPES = YES;
				CLANG_WARN_SUSPICIOUS_MOVE = YES;
				CLANG_WARN_UNGUARDED_AVAILABILITY = YES_AGGRESSIVE;
				CLANG_WARN_UNREACHABLE_CODE = YES;
				CLANG_WARN__DUPLICATE_METHOD_MATCH = YES;
				COPY_PHASE_STRIP = NO;
				DEBUG_INFORMATION_FORMAT = dwarf;
				ENABLE_STRICT_OBJC_MSGSEND = YES;
				ENABLE_TESTABILITY = YES;
				ENABLE_USER_SCRIPT_SANDBOXING = YES;
				GCC_C_LANGUAGE_STANDARD = gnu17;
				GCC_DYNAMIC_NO_PIC = NO;
				GCC_NO_COMMON_BLOCKS = YES;
				GCC_OPTIMIZATION_LEVEL = 0;
				GCC_PREPROCESSOR_DEFINITIONS = (
					"DEBUG=1",
					"$(inherited)",
				);
				GCC_WARN_64_TO_32_BIT_CONVERSION = YES;
				GCC_WARN_ABOUT_RETURN_TYPE = YES_ERROR;
				GCC_WARN_UNDECLARED_SELECTOR = YES;
				GCC_WARN_UNINITIALIZED_AUTOS = YES_AGGRESSIVE;
				GCC_WARN_UNUSED_FUNCTION = YES;
				GCC_WARN_UNUSED_VARIABLE = YES;
				IPHONEOS_DEPLOYMENT_TARGET = 26.0;
				LOCALIZATION_PREFERS_STRING_CATALOGS = YES;
				MTL_ENABLE_DEBUG_INFO = INCLUDE_SOURCE;
				MTL_FAST_MATH = YES;
				ONLY_ACTIVE_ARCH = YES;
				SDKROOT = iphoneos;
				SWIFT_ACTIVE_COMPILATION_CONDITIONS = "DEBUG $(inherited)";
				SWIFT_OPTIMIZATION_LEVEL = "-Onone";
			};
			name = Debug;
		};
		7483B54C2ED9A8AD0041193D /* Release */ = {
			isa = XCBuildConfiguration;
			buildSettings = {
				ALWAYS_SEARCH_USER_PATHS = NO;
				ASSETCATALOG_COMPILER_GENERATE_SWIFT_ASSET_SYMBOL_EXTENSIONS = YES;
				CLANG_ANALYZER_NONNULL = YES;
				CLANG_ANALYZER_NUMBER_OBJECT_CONVERSION = YES_AGGRESSIVE;
				CLANG_CXX_LANGUAGE_STANDARD = "gnu++20";
				CLANG_ENABLE_MODULES = YES;
				CLANG_ENABLE_OBJC_ARC = YES;
				CLANG_ENABLE_OBJC_WEAK = YES;
				CLANG_WARN_BLOCK_CAPTURE_AUTORELEASING = YES;
				CLANG_WARN_BOOL_CONVERSION = YES;
				CLANG_WARN_COMMA = YES;
				CLANG_WARN_CONSTANT_CONVERSION = YES;
				CLANG_WARN_DEPRECATED_OBJC_IMPLEMENTATIONS = YES;
				CLANG_WARN_DIRECT_OBJC_ISA_USAGE = YES_ERROR;
				CLANG_WARN_DOCUMENTATION_COMMENTS = YES;
				CLANG_WARN_EMPTY_BODY = YES;
				CLANG_WARN_ENUM_CONVERSION = YES;
				CLANG_WARN_INFINITE_RECURSION = YES;
				CLANG_WARN_INT_CONVERSION = YES;
				CLANG_WARN_NON_LITERAL_NULL_CONVERSION = YES;
				CLANG_WARN_OBJC_IMPLICIT_RETAIN_SELF = YES;
				CLANG_WARN_OBJC_LITERAL_CONVERSION = YES;
				CLANG_WARN_OBJC_ROOT_CLASS = YES_ERROR;
				CLANG_WARN_QUOTED_INCLUDE_IN_FRAMEWORK_HEADER = YES;
				CLANG_WARN_RANGE_LOOP_ANALYSIS = YES;
				CLANG_WARN_STRICT_PROTOTYPES = YES;
				CLANG_WARN_SUSPICIOUS_MOVE = YES;
				CLANG_WARN_UNGUARDED_AVAILABILITY = YES_AGGRESSIVE;
				CLANG_WARN_UNREACHABLE_CODE = YES;
				CLANG_WARN__DUPLICATE_METHOD_MATCH = YES;
				COPY_PHASE_STRIP = NO;
				DEBUG_INFORMATION_FORMAT = "dwarf-with-dsym";
				ENABLE_NS_ASSERTIONS = NO;
				ENABLE_STRICT_OBJC_MSGSEND = YES;
				ENABLE_USER_SCRIPT_SANDBOXING = YES;
				GCC_C_LANGUAGE_STANDARD = gnu17;
				GCC_NO_COMMON_BLOCKS = YES;
				GCC_WARN_64_TO_32_BIT_CONVERSION = YES;
				GCC_WARN_ABOUT_RETURN_TYPE = YES_ERROR;
				GCC_WARN_UNDECLARED_SELECTOR = YES;
				GCC_WARN_UNINITIALIZED_AUTOS = YES_AGGRESSIVE;
				GCC_WARN_UNUSED_FUNCTION = YES;
				GCC_WARN_UNUSED_VARIABLE = YES;
				IPHONEOS_DEPLOYMENT_TARGET = 26.0;
				LOCALIZATION_PREFERS_STRING_CATALOGS = YES;
				MTL_ENABLE_DEBUG_INFO = NO;
				MTL_FAST_MATH = YES;
				SDKROOT = iphoneos;
				SWIFT_COMPILATION_MODE = wholemodule;
				VALIDATE_PRODUCT = YES;
			};
			name = Release;
		};
/* End XCBuildConfiguration section */

/* Begin XCConfigurationList section */
		7483B5302ED9A8AC0041193D /* Build configuration list for PBXProject "16VaultCoin" */ = {
			isa = XCConfigurationList;
			buildConfigurations = (
				7483B54B2ED9A8AD0041193D /* Debug */,
				7483B54C2ED9A8AD0041193D /* Release */,
			);
			defaultConfigurationIsVisible = 0;
			defaultConfigurationName = Release;
		};
		7483B5482ED9A8AD0041193D /* Build configuration list for PBXNativeTarget "16VaultCoin" */ = {
			isa = XCConfigurationList;
			buildConfigurations = (
				7483B5492ED9A8AD0041193D /* Debug */,
				7483B54A2ED9A8AD0041193D /* Release */,
			);
			defaultConfigurationIsVisible = 0;
			defaultConfigurationName = Release;
		};
/* End XCConfigurationList section */

/* Begin XCVersionGroup section */
		740F2BE12EDD9C0E00376232 /* VaultCoin.xcdatamodeld */ = {
			isa = XCVersionGroup;
			children = (
				740F2BE42EDD9C0E00376232 /* VaultCoin.xcdatamodel */,
			);
			currentVersion = 740F2BE42EDD9C0E00376232 /* VaultCoin.xcdatamodel */;
			path = VaultCoin.xcdatamodeld;
			sourceTree = "<group>";
			versionGroupType = wrapper.xcdatamodel;
		};
/* End XCVersionGroup section */
	};
	rootObject = 7483B52D2ED9A8AC0041193D /* Project object */;
}
